PODS:
  - Flutter (1.0.0)
  - integration_test (0.0.1):
    - Flutter
  - minew_beacon_plus_flutter (0.0.1):
    - Flutter

DEPENDENCIES:
  - Flutter (from `Flutter`)
  - integration_test (from `.symlinks/plugins/integration_test/ios`)
  - minew_beacon_plus_flutter (from `.symlinks/plugins/minew_beacon_plus_flutter/ios`)

EXTERNAL SOURCES:
  Flutter:
    :path: Flutter
  integration_test:
    :path: ".symlinks/plugins/integration_test/ios"
  minew_beacon_plus_flutter:
    :path: ".symlinks/plugins/minew_beacon_plus_flutter/ios"

SPEC CHECKSUMS:
  Flutter: f04841e97a9d0b0a8025694d0796dd46242b2854
  integration_test: 13825b8a9334a850581300559b8839134b124670
  minew_beacon_plus_flutter: a42ec9b71690375773e0e6b2e8ddd7b74205e831

PODFILE CHECKSUM: 02caaa843f6501172c0d470d80e72f61175c8b93

COCOAPODS: 1.12.1
